
Microsoft Visual Studio Solution File, Format Version 12.00
# Visual Studio 15
VisualStudioVersion = 15.0.26730.16
MinimumVisualStudioVersion = 10.0.40219.1
Project("{9A19103F-16F7-4668-BE54-9A1E7A4F7556}") = "Hades.API", "Hades.API\Hades.API.csproj", "{C3BEB6D1-4FEA-4AE2-8256-7905828432A5}"
EndProject
Project("{9A19103F-16F7-4668-BE54-9A1E7A4F7556}") = "Hades.Data.Models", "Hades.Data.Models\Hades.Data.Models.csproj", "{D3086B77-9D75-4577-8C2F-AE88B97C05C9}"
EndProject
Project("{FAE04EC0-301F-11D3-BF4B-00C04F79EFBC}") = "Hades.Data", "Hades.Data\Hades.Data.csproj", "{6DA1DE22-33D8-4BC3-AC73-B82DB148EFFF}"
EndProject
Project("{FAE04EC0-301F-11D3-BF4B-00C04F79EFBC}") = "Hades.Peer", "Hades.Peer\Hades.Peer.csproj", "{331885DE-BF20-4BEA-A384-64CDB4AC2521}"
EndProject
Project("{FAE04EC0-301F-11D3-BF4B-00C04F79EFBC}") = "Hades.Common", "Hades.Common\Hades.Common.csproj", "{36AA8DC5-D911-4780-9FAE-291FE777BDA2}"
EndProject
Project("{FAE04EC0-301F-11D3-BF4B-00C04F79EFBC}") = "Hades.Data.Client", "Hades.Data.Client\Hades.Data.Client.csproj", "{6E1D1608-DF3A-4DD8-B335-985FDAFC00D4}"
EndProject
Global
	GlobalSection(SolutionConfigurationPlatforms) = preSolution
		Debug|Any CPU = Debug|Any CPU
		Release|Any CPU = Release|Any CPU
	EndGlobalSection
	GlobalSection(ProjectConfigurationPlatforms) = postSolution
		{C3BEB6D1-4FEA-4AE2-8256-7905828432A5}.Debug|Any CPU.ActiveCfg = Debug|Any CPU
		{C3BEB6D1-4FEA-4AE2-8256-7905828432A5}.Debug|Any CPU.Build.0 = Debug|Any CPU
		{C3BEB6D1-4FEA-4AE2-8256-7905828432A5}.Release|Any CPU.ActiveCfg = Release|Any CPU
		{C3BEB6D1-4FEA-4AE2-8256-7905828432A5}.Release|Any CPU.Build.0 = Release|Any CPU
		{D3086B77-9D75-4577-8C2F-AE88B97C05C9}.Debug|Any CPU.ActiveCfg = Debug|Any CPU
		{D3086B77-9D75-4577-8C2F-AE88B97C05C9}.Debug|Any CPU.Build.0 = Debug|Any CPU
		{D3086B77-9D75-4577-8C2F-AE88B97C05C9}.Release|Any CPU.ActiveCfg = Release|Any CPU
		{D3086B77-9D75-4577-8C2F-AE88B97C05C9}.Release|Any CPU.Build.0 = Release|Any CPU
		{6DA1DE22-33D8-4BC3-AC73-B82DB148EFFF}.Debug|Any CPU.ActiveCfg = Debug|Any CPU
		{6DA1DE22-33D8-4BC3-AC73-B82DB148EFFF}.Debug|Any CPU.Build.0 = Debug|Any CPU
		{6DA1DE22-33D8-4BC3-AC73-B82DB148EFFF}.Release|Any CPU.ActiveCfg = Release|Any CPU
		{6DA1DE22-33D8-4BC3-AC73-B82DB148EFFF}.Release|Any CPU.Build.0 = Release|Any CPU
		{331885DE-BF20-4BEA-A384-64CDB4AC2521}.Debug|Any CPU.ActiveCfg = Debug|Any CPU
		{331885DE-BF20-4BEA-A384-64CDB4AC2521}.Debug|Any CPU.Build.0 = Debug|Any CPU
		{331885DE-BF20-4BEA-A384-64CDB4AC2521}.Release|Any CPU.ActiveCfg = Release|Any CPU
		{331885DE-BF20-4BEA-A384-64CDB4AC2521}.Release|Any CPU.Build.0 = Release|Any CPU
		{36AA8DC5-D911-4780-9FAE-291FE777BDA2}.Debug|Any CPU.ActiveCfg = Debug|Any CPU
		{36AA8DC5-D911-4780-9FAE-291FE777BDA2}.Debug|Any CPU.Build.0 = Debug|Any CPU
		{36AA8DC5-D911-4780-9FAE-291FE777BDA2}.Release|Any CPU.ActiveCfg = Release|Any CPU
		{36AA8DC5-D911-4780-9FAE-291FE777BDA2}.Release|Any CPU.Build.0 = Release|Any CPU
		{6E1D1608-DF3A-4DD8-B335-985FDAFC00D4}.Debug|Any CPU.ActiveCfg = Debug|Any CPU
		{6E1D1608-DF3A-4DD8-B335-985FDAFC00D4}.Debug|Any CPU.Build.0 = Debug|Any CPU
		{6E1D1608-DF3A-4DD8-B335-985FDAFC00D4}.Release|Any CPU.ActiveCfg = Release|Any CPU
		{6E1D1608-DF3A-4DD8-B335-985FDAFC00D4}.Release|Any CPU.Build.0 = Release|Any CPU
	EndGlobalSection
	GlobalSection(SolutionProperties) = preSolution
		HideSolutionNode = FALSE
	EndGlobalSection
	GlobalSection(ExtensibilityGlobals) = postSolution
		SolutionGuid = {01DD5039-8620-41BB-B7CA-875E5FBF65ED}
	EndGlobalSection
EndGlobal
